dependencies:
  espressif/mdns:
    component_hash: f5267872ed0c810d1b281c41a567cace7b3a3695c0df9dff89f631e9ba426ed0
    dependencies:
    - name: idf
      require: private
      version: '>=5.0'
    source:
      registry_url: https://components.espressif.com/
      type: service
    version: 1.4.2
  idf:
    source:
      type: idf
    version: 5.3.2
  joltwallet/littlefs:
    component_hash: a023b819eff7a7740d61ae40b8e0c53dfe32843a99bc4aa6554867f3fc5091d3
    dependencies:
    - name: idf
      require: private
      version: '>=4.3'
    source:
      registry_url: https://components.espressif.com/
      type: service
    version: 1.16.1
direct_dependencies:
- espressif/mdns
- idf
- joltwallet/littlefs
manifest_hash: ffac004d48babc308ab4f1f80b651d4c0dd30f90c6bc7cb20b09b9e5cee3c99d
target: esp32
version: 2.0.0
